
Microsoft Visual Studio Solution File, Format Version 12.00
# Visual Studio Version 17
VisualStudioVersion = 17.11.35208.52
MinimumVisualStudioVersion = 10.0.40219.1
Project("{2150E333-8FDC-42A3-9474-1A3956D46DE8}") = "Core", "Core", "{45E09FCF-758A-46E7-9BA6-1E1620F25E94}"
EndProject
Project("{2150E333-8FDC-42A3-9474-1A3956D46DE8}") = "Frontends", "Frontends", "{A96B2C56-1CA3-4930-A4B5-105383102DAD}"
EndProject
Project("{2150E333-8FDC-42A3-9474-1A3956D46DE8}") = "Infrastructure", "Infrastructure", "{535C5E46-B728-4834-BEA8-AF5782E4C1DD}"
EndProject
Project("{2150E333-8FDC-42A3-9474-1A3956D46DE8}") = "Presentation", "Presentation", "{88B65A72-5CFC-445A-A308-CF34AAF0A86E}"
EndProject
Project("{2150E333-8FDC-42A3-9474-1A3956D46DE8}") = "Requirements", "Requirements", "{59D5A165-EFCB-4460-867B-FC1412AAD978}"
EndProject
Project("{FAE04EC0-301F-11D3-BF4B-00C04F79EFBC}") = "MovieApi.Domain", "Core\MovieApi.Domain\MovieApi.Domain.csproj", "{CF01F26A-F1FA-4BF3-856F-DFC0F423698D}"
EndProject
Project("{FAE04EC0-301F-11D3-BF4B-00C04F79EFBC}") = "MovieApi.Persistence", "Infrastructure\MovieApi.Persistence\MovieApi.Persistence.csproj", "{BDEC945B-E49B-4F03-8681-AAFA276BBBB9}"
EndProject
Project("{FAE04EC0-301F-11D3-BF4B-00C04F79EFBC}") = "Movie.Api.WebApi", "Presentation\Movie.Api.WebApi\Movie.Api.WebApi.csproj", "{A7DCC430-6181-4917-BF6C-695FB51ADA8A}"
EndProject
Project("{FAE04EC0-301F-11D3-BF4B-00C04F79EFBC}") = "MovieApi.Application", "Core\MovieApi.Application\MovieApi.Application.csproj", "{5C8294E3-9F6B-414D-9E06-E9088036CDFB}"
EndProject
Project("{FAE04EC0-301F-11D3-BF4B-00C04F79EFBC}") = "Movie.Api.UI", "Frontends\Movie.Api.UI\Movie.Api.UI.csproj", "{6A972DEB-0E0D-4365-900E-E9D85FD25804}"
EndProject
Project("{FAE04EC0-301F-11D3-BF4B-00C04F79EFBC}") = "MovieApi.DTOs", "Frontends\MovieApi.DTOs\MovieApi.DTOs.csproj", "{16DD3EA5-9C14-4F1B-ACAF-9D37F325C668}"
EndProject
Global
	GlobalSection(SolutionConfigurationPlatforms) = preSolution
		Debug|Any CPU = Debug|Any CPU
		Release|Any CPU = Release|Any CPU
	EndGlobalSection
	GlobalSection(ProjectConfigurationPlatforms) = postSolution
		{CF01F26A-F1FA-4BF3-856F-DFC0F423698D}.Debug|Any CPU.ActiveCfg = Debug|Any CPU
		{CF01F26A-F1FA-4BF3-856F-DFC0F423698D}.Debug|Any CPU.Build.0 = Debug|Any CPU
		{CF01F26A-F1FA-4BF3-856F-DFC0F423698D}.Release|Any CPU.ActiveCfg = Release|Any CPU
		{CF01F26A-F1FA-4BF3-856F-DFC0F423698D}.Release|Any CPU.Build.0 = Release|Any CPU
		{BDEC945B-E49B-4F03-8681-AAFA276BBBB9}.Debug|Any CPU.ActiveCfg = Debug|Any CPU
		{BDEC945B-E49B-4F03-8681-AAFA276BBBB9}.Debug|Any CPU.Build.0 = Debug|Any CPU
		{BDEC945B-E49B-4F03-8681-AAFA276BBBB9}.Release|Any CPU.ActiveCfg = Release|Any CPU
		{BDEC945B-E49B-4F03-8681-AAFA276BBBB9}.Release|Any CPU.Build.0 = Release|Any CPU
		{A7DCC430-6181-4917-BF6C-695FB51ADA8A}.Debug|Any CPU.ActiveCfg = Debug|Any CPU
		{A7DCC430-6181-4917-BF6C-695FB51ADA8A}.Debug|Any CPU.Build.0 = Debug|Any CPU
		{A7DCC430-6181-4917-BF6C-695FB51ADA8A}.Release|Any CPU.ActiveCfg = Release|Any CPU
		{A7DCC430-6181-4917-BF6C-695FB51ADA8A}.Release|Any CPU.Build.0 = Release|Any CPU
		{5C8294E3-9F6B-414D-9E06-E9088036CDFB}.Debug|Any CPU.ActiveCfg = Debug|Any CPU
		{5C8294E3-9F6B-414D-9E06-E9088036CDFB}.Debug|Any CPU.Build.0 = Debug|Any CPU
		{5C8294E3-9F6B-414D-9E06-E9088036CDFB}.Release|Any CPU.ActiveCfg = Release|Any CPU
		{5C8294E3-9F6B-414D-9E06-E9088036CDFB}.Release|Any CPU.Build.0 = Release|Any CPU
		{6A972DEB-0E0D-4365-900E-E9D85FD25804}.Debug|Any CPU.ActiveCfg = Debug|Any CPU
		{6A972DEB-0E0D-4365-900E-E9D85FD25804}.Debug|Any CPU.Build.0 = Debug|Any CPU
		{6A972DEB-0E0D-4365-900E-E9D85FD25804}.Release|Any CPU.ActiveCfg = Release|Any CPU
		{6A972DEB-0E0D-4365-900E-E9D85FD25804}.Release|Any CPU.Build.0 = Release|Any CPU
		{16DD3EA5-9C14-4F1B-ACAF-9D37F325C668}.Debug|Any CPU.ActiveCfg = Debug|Any CPU
		{16DD3EA5-9C14-4F1B-ACAF-9D37F325C668}.Debug|Any CPU.Build.0 = Debug|Any CPU
		{16DD3EA5-9C14-4F1B-ACAF-9D37F325C668}.Release|Any CPU.ActiveCfg = Release|Any CPU
		{16DD3EA5-9C14-4F1B-ACAF-9D37F325C668}.Release|Any CPU.Build.0 = Release|Any CPU
	EndGlobalSection
	GlobalSection(SolutionProperties) = preSolution
		HideSolutionNode = FALSE
	EndGlobalSection
	GlobalSection(NestedProjects) = preSolution
		{CF01F26A-F1FA-4BF3-856F-DFC0F423698D} = {45E09FCF-758A-46E7-9BA6-1E1620F25E94}
		{BDEC945B-E49B-4F03-8681-AAFA276BBBB9} = {535C5E46-B728-4834-BEA8-AF5782E4C1DD}
		{A7DCC430-6181-4917-BF6C-695FB51ADA8A} = {88B65A72-5CFC-445A-A308-CF34AAF0A86E}
		{5C8294E3-9F6B-414D-9E06-E9088036CDFB} = {45E09FCF-758A-46E7-9BA6-1E1620F25E94}
		{6A972DEB-0E0D-4365-900E-E9D85FD25804} = {A96B2C56-1CA3-4930-A4B5-105383102DAD}
		{16DD3EA5-9C14-4F1B-ACAF-9D37F325C668} = {A96B2C56-1CA3-4930-A4B5-105383102DAD}
	EndGlobalSection
	GlobalSection(ExtensibilityGlobals) = postSolution
		SolutionGuid = {B1671A3B-D806-436B-A76F-32A8A971BF8E}
	EndGlobalSection
EndGlobal
