
Microsoft Visual Studio Solution File, Format Version 12.00
# Visual Studio Version 17
VisualStudioVersion = 17.11.35208.52
MinimumVisualStudioVersion = 10.0.40219.1
Project("{2150E333-8FDC-42A3-9474-1A3956D46DE8}") = "Core", "Core", "{45E09FCF-758A-46E7-9BA6-1E1620F25E94}"
EndProject
Project("{2150E333-8FDC-42A3-9474-1A3956D46DE8}") = "Frontends", "Frontends", "{A96B2C56-1CA3-4930-A4B5-105383102DAD}"
EndProject
Project("{2150E333-8FDC-42A3-9474-1A3956D46DE8}") = "Infrastructure", "Infrastructure", "{535C5E46-B728-4834-BEA8-AF5782E4C1DD}"
EndProject
Project("{2150E333-8FDC-42A3-9474-1A3956D46DE8}") = "Presentation", "Presentation", "{88B65A72-5CFC-445A-A308-CF34AAF0A86E}"
EndProject
Project("{2150E333-8FDC-42A3-9474-1A3956D46DE8}") = "Requirements", "Requirements", "{59D5A165-EFCB-4460-867B-FC1412AAD978}"
EndProject
Project("{FAE04EC0-301F-11D3-BF4B-00C04F79EFBC}") = "MovieApi.Domain", "Core\MovieApi.Domain\MovieApi.Domain.csproj", "{CF01F26A-F1FA-4BF3-856F-DFC0F423698D}"
EndProject
Project("{FAE04EC0-301F-11D3-BF4B-00C04F79EFBC}") = "MovieApi.Persistence", "Infrastructure\MovieApi.Persistence\MovieApi.Persistence.csproj", "{BDEC945B-E49B-4F03-8681-AAFA276BBBB9}"
EndProject
Global
	GlobalSection(SolutionConfigurationPlatforms) = preSolution
		Debug|Any CPU = Debug|Any CPU
		Release|Any CPU = Release|Any CPU
	EndGlobalSection
	GlobalSection(ProjectConfigurationPlatforms) = postSolution
		{CF01F26A-F1FA-4BF3-856F-DFC0F423698D}.Debug|Any CPU.ActiveCfg = Debug|Any CPU
		{CF01F26A-F1FA-4BF3-856F-DFC0F423698D}.Debug|Any CPU.Build.0 = Debug|Any CPU
		{CF01F26A-F1FA-4BF3-856F-DFC0F423698D}.Release|Any CPU.ActiveCfg = Release|Any CPU
		{CF01F26A-F1FA-4BF3-856F-DFC0F423698D}.Release|Any CPU.Build.0 = Release|Any CPU
		{BDEC945B-E49B-4F03-8681-AAFA276BBBB9}.Debug|Any CPU.ActiveCfg = Debug|Any CPU
		{BDEC945B-E49B-4F03-8681-AAFA276BBBB9}.Debug|Any CPU.Build.0 = Debug|Any CPU
		{BDEC945B-E49B-4F03-8681-AAFA276BBBB9}.Release|Any CPU.ActiveCfg = Release|Any CPU
		{BDEC945B-E49B-4F03-8681-AAFA276BBBB9}.Release|Any CPU.Build.0 = Release|Any CPU
	EndGlobalSection
	GlobalSection(SolutionProperties) = preSolution
		HideSolutionNode = FALSE
	EndGlobalSection
	GlobalSection(NestedProjects) = preSolution
		{CF01F26A-F1FA-4BF3-856F-DFC0F423698D} = {45E09FCF-758A-46E7-9BA6-1E1620F25E94}
		{BDEC945B-E49B-4F03-8681-AAFA276BBBB9} = {535C5E46-B728-4834-BEA8-AF5782E4C1DD}
	EndGlobalSection
	GlobalSection(ExtensibilityGlobals) = postSolution
		SolutionGuid = {B1671A3B-D806-436B-A76F-32A8A971BF8E}
	EndGlobalSection
EndGlobal
